
Microsoft Visual Studio Solution File, Format Version 12.00
# Visual Studio Version 16
VisualStudioVersion = 16.0.32510.428
MinimumVisualStudioVersion = 10.0.40219.1
Project("{8BC9CEB8-8B4A-11D0-8D11-00A0C91BC942}") = "Kalku", "Kalku\Kalku.vcxproj", "{B99892E1-96A5-409A-89D5-650CD10D37D5}"
EndProject
Global
	GlobalSection(SolutionConfigurationPlatforms) = preSolution
		Debug|x64 = Debug|x64
		Debug|x86 = Debug|x86
		Release|x64 = Release|x64
		Release|x86 = Release|x86
	EndGlobalSection
	GlobalSection(ProjectConfigurationPlatforms) = postSolution
		{B99892E1-96A5-409A-89D5-650CD10D37D5}.Debug|x64.ActiveCfg = Debug|x64
		{B99892E1-96A5-409A-89D5-650CD10D37D5}.Debug|x64.Build.0 = Debug|x64
		{B99892E1-96A5-409A-89D5-650CD10D37D5}.Debug|x86.ActiveCfg = Debug|Win32
		{B99892E1-96A5-409A-89D5-650CD10D37D5}.Debug|x86.Build.0 = Debug|Win32
		{B99892E1-96A5-409A-89D5-650CD10D37D5}.Release|x64.ActiveCfg = Release|x64
		{B99892E1-96A5-409A-89D5-650CD10D37D5}.Release|x64.Build.0 = Release|x64
		{B99892E1-96A5-409A-89D5-650CD10D37D5}.Release|x86.ActiveCfg = Release|Win32
		{B99892E1-96A5-409A-89D5-650CD10D37D5}.Release|x86.Build.0 = Release|Win32
	EndGlobalSection
	GlobalSection(SolutionProperties) = preSolution
		HideSolutionNode = FALSE
	EndGlobalSection
	GlobalSection(ExtensibilityGlobals) = postSolution
		SolutionGuid = {AD93D9FE-9FBA-472E-B683-D5EC45569827}
	EndGlobalSection
EndGlobal
